
Microsoft Visual Studio Solution File, Format Version 12.00
# Visual Studio Version 17
VisualStudioVersion = 17.0.32014.148
MinimumVisualStudioVersion = 10.0.40219.1
Project("{9A19103F-16F7-4668-BE54-9A1E7A4F7556}") = "KryptConsole", "KryptConsole\KryptConsole.csproj", "{483F7529-4E45-4EDB-BA47-19D25CC8651B}"
EndProject
Project("{9A19103F-16F7-4668-BE54-9A1E7A4F7556}") = "Krypt2Library", "..\Krypt2Library\Krypt2Library\Krypt2Library.csproj", "{0C4D5F5F-24A3-4DD4-AFAC-CAD6FF239C76}"
EndProject
Global
	GlobalSection(SolutionConfigurationPlatforms) = preSolution
		Debug|Any CPU = Debug|Any CPU
		Debug|x64 = Debug|x64
		Release|Any CPU = Release|Any CPU
		Release|x64 = Release|x64
	EndGlobalSection
	GlobalSection(ProjectConfigurationPlatforms) = postSolution
		{483F7529-4E45-4EDB-BA47-19D25CC8651B}.Debug|Any CPU.ActiveCfg = Debug|Any CPU
		{483F7529-4E45-4EDB-BA47-19D25CC8651B}.Debug|Any CPU.Build.0 = Debug|Any CPU
		{483F7529-4E45-4EDB-BA47-19D25CC8651B}.Debug|x64.ActiveCfg = Debug|Any CPU
		{483F7529-4E45-4EDB-BA47-19D25CC8651B}.Debug|x64.Build.0 = Debug|Any CPU
		{483F7529-4E45-4EDB-BA47-19D25CC8651B}.Release|Any CPU.ActiveCfg = Release|Any CPU
		{483F7529-4E45-4EDB-BA47-19D25CC8651B}.Release|Any CPU.Build.0 = Release|Any CPU
		{483F7529-4E45-4EDB-BA47-19D25CC8651B}.Release|x64.ActiveCfg = Release|Any CPU
		{483F7529-4E45-4EDB-BA47-19D25CC8651B}.Release|x64.Build.0 = Release|Any CPU
		{0C4D5F5F-24A3-4DD4-AFAC-CAD6FF239C76}.Debug|Any CPU.ActiveCfg = Debug|Any CPU
		{0C4D5F5F-24A3-4DD4-AFAC-CAD6FF239C76}.Debug|Any CPU.Build.0 = Debug|Any CPU
		{0C4D5F5F-24A3-4DD4-AFAC-CAD6FF239C76}.Debug|x64.ActiveCfg = Debug|x64
		{0C4D5F5F-24A3-4DD4-AFAC-CAD6FF239C76}.Debug|x64.Build.0 = Debug|x64
		{0C4D5F5F-24A3-4DD4-AFAC-CAD6FF239C76}.Release|Any CPU.ActiveCfg = Release|Any CPU
		{0C4D5F5F-24A3-4DD4-AFAC-CAD6FF239C76}.Release|Any CPU.Build.0 = Release|Any CPU
		{0C4D5F5F-24A3-4DD4-AFAC-CAD6FF239C76}.Release|x64.ActiveCfg = Release|x64
		{0C4D5F5F-24A3-4DD4-AFAC-CAD6FF239C76}.Release|x64.Build.0 = Release|x64
	EndGlobalSection
	GlobalSection(SolutionProperties) = preSolution
		HideSolutionNode = FALSE
	EndGlobalSection
	GlobalSection(ExtensibilityGlobals) = postSolution
		SolutionGuid = {878280CC-A5DB-483B-9F85-10A1DD174DD5}
	EndGlobalSection
EndGlobal
